
Microsoft Visual Studio Solution File, Format Version 12.00
# Visual Studio 15
VisualStudioVersion = 15.0.28307.757
MinimumVisualStudioVersion = 10.0.40219.1
Project("{FAE04EC0-301F-11D3-BF4B-00C04F79EFBC}") = "BookApp.Entities", "BookApp.Entities\BookApp.Entities.csproj", "{9BF9A421-093B-41C3-83A7-A7B3E5FB1BC2}"
EndProject
Project("{FAE04EC0-301F-11D3-BF4B-00C04F79EFBC}") = "BookApp.Exceptions", "BookApp.Exceptions\BookApp.Exceptions.csproj", "{FD6C5086-EB56-4AC0-8250-A2040DF88193}"
EndProject
Project("{FAE04EC0-301F-11D3-BF4B-00C04F79EFBC}") = "BookApp.DAL", "BookApp.DAL\BookApp.DAL.csproj", "{F62919CA-A99B-4C10-A87F-D8A79E5B2979}"
EndProject
Project("{FAE04EC0-301F-11D3-BF4B-00C04F79EFBC}") = "BookApp.BLL", "BookApp.BLL\BookApp.BLL.csproj", "{CEC0D5A8-45E7-499D-96B9-8468F8B3ADC1}"
EndProject
Project("{FAE04EC0-301F-11D3-BF4B-00C04F79EFBC}") = "BookApp.API", "BookApp.API\BookApp.API.csproj", "{4F8D463F-5CD9-4F14-BF3D-8CBD6788E332}"
EndProject
Global
	GlobalSection(SolutionConfigurationPlatforms) = preSolution
		Debug|Any CPU = Debug|Any CPU
		Release|Any CPU = Release|Any CPU
	EndGlobalSection
	GlobalSection(ProjectConfigurationPlatforms) = postSolution
		{9BF9A421-093B-41C3-83A7-A7B3E5FB1BC2}.Debug|Any CPU.ActiveCfg = Debug|Any CPU
		{9BF9A421-093B-41C3-83A7-A7B3E5FB1BC2}.Debug|Any CPU.Build.0 = Debug|Any CPU
		{9BF9A421-093B-41C3-83A7-A7B3E5FB1BC2}.Release|Any CPU.ActiveCfg = Release|Any CPU
		{9BF9A421-093B-41C3-83A7-A7B3E5FB1BC2}.Release|Any CPU.Build.0 = Release|Any CPU
		{FD6C5086-EB56-4AC0-8250-A2040DF88193}.Debug|Any CPU.ActiveCfg = Debug|Any CPU
		{FD6C5086-EB56-4AC0-8250-A2040DF88193}.Debug|Any CPU.Build.0 = Debug|Any CPU
		{FD6C5086-EB56-4AC0-8250-A2040DF88193}.Release|Any CPU.ActiveCfg = Release|Any CPU
		{FD6C5086-EB56-4AC0-8250-A2040DF88193}.Release|Any CPU.Build.0 = Release|Any CPU
		{F62919CA-A99B-4C10-A87F-D8A79E5B2979}.Debug|Any CPU.ActiveCfg = Debug|Any CPU
		{F62919CA-A99B-4C10-A87F-D8A79E5B2979}.Debug|Any CPU.Build.0 = Debug|Any CPU
		{F62919CA-A99B-4C10-A87F-D8A79E5B2979}.Release|Any CPU.ActiveCfg = Release|Any CPU
		{F62919CA-A99B-4C10-A87F-D8A79E5B2979}.Release|Any CPU.Build.0 = Release|Any CPU
		{CEC0D5A8-45E7-499D-96B9-8468F8B3ADC1}.Debug|Any CPU.ActiveCfg = Debug|Any CPU
		{CEC0D5A8-45E7-499D-96B9-8468F8B3ADC1}.Debug|Any CPU.Build.0 = Debug|Any CPU
		{CEC0D5A8-45E7-499D-96B9-8468F8B3ADC1}.Release|Any CPU.ActiveCfg = Release|Any CPU
		{CEC0D5A8-45E7-499D-96B9-8468F8B3ADC1}.Release|Any CPU.Build.0 = Release|Any CPU
		{4F8D463F-5CD9-4F14-BF3D-8CBD6788E332}.Debug|Any CPU.ActiveCfg = Debug|Any CPU
		{4F8D463F-5CD9-4F14-BF3D-8CBD6788E332}.Debug|Any CPU.Build.0 = Debug|Any CPU
		{4F8D463F-5CD9-4F14-BF3D-8CBD6788E332}.Release|Any CPU.ActiveCfg = Release|Any CPU
		{4F8D463F-5CD9-4F14-BF3D-8CBD6788E332}.Release|Any CPU.Build.0 = Release|Any CPU
	EndGlobalSection
	GlobalSection(SolutionProperties) = preSolution
		HideSolutionNode = FALSE
	EndGlobalSection
	GlobalSection(ExtensibilityGlobals) = postSolution
		SolutionGuid = {9286D38C-1F88-4D98-A118-A7EEFE6376FF}
	EndGlobalSection
EndGlobal
